// !$*UTF8*$!
{
	archiveVersion = 1;
	classes = {
	};
	objectVersion = 46;
	objects = {

/* Begin PBXBuildFile section */
		872D64C21C08AB94001BEEBF /* main.m in Sources */ = {isa = PBXBuildFile; fileRef = 872D64C11C08AB94001BEEBF /* main.m */; };
		872D64C51C08AB94001BEEBF /* AppDelegate.m in Sources */ = {isa = PBXBuildFile; fileRef = 872D64C41C08AB94001BEEBF /* AppDelegate.m */; };
		872D64CD1C08AB94001BEEBF /* Assets.xcassets in Resources */ = {isa = PBXBuildFile; fileRef = 872D64CC1C08AB94001BEEBF /* Assets.xcassets */; };
		872D64D01C08AB94001BEEBF /* LaunchScreen.storyboard in Resources */ = {isa = PBXBuildFile; fileRef = 872D64CE1C08AB94001BEEBF /* LaunchScreen.storyboard */; };
		872D64D91C08ABD3001BEEBF /* AUTCollectionViewController.m in Sources */ = {isa = PBXBuildFile; fileRef = 872D64D81C08ABD3001BEEBF /* AUTCollectionViewController.m */; };
		872D64DC1C08AC05001BEEBF /* AUTWarningBarNavigationController.m in Sources */ = {isa = PBXBuildFile; fileRef = 872D64DB1C08AC05001BEEBF /* AUTWarningBarNavigationController.m */; };
		872D64DF1C08B9A3001BEEBF /* AUTNavigationBar.m in Sources */ = {isa = PBXBuildFile; fileRef = 872D64DE1C08B9A3001BEEBF /* AUTNavigationBar.m */; };
		872D64E21C08C256001BEEBF /* AUTColorViewController.m in Sources */ = {isa = PBXBuildFile; fileRef = 872D64E11C08C256001BEEBF /* AUTColorViewController.m */; };
		872D64E51C08C646001BEEBF /* UINavigationItem+AUTWarningBar.m in Sources */ = {isa = PBXBuildFile; fileRef = 872D64E41C08C646001BEEBF /* UINavigationItem+AUTWarningBar.m */; };
/* End PBXBuildFile section */

/* Begin PBXFileReference section */
		872D64BD1C08AB94001BEEBF /* navigation bar warnings.app */ = {isa = PBXFileReference; explicitFileType = wrapper.application; includeInIndex = 0; path = "navigation bar warnings.app"; sourceTree = BUILT_PRODUCTS_DIR; };
		872D64C11C08AB94001BEEBF /* main.m */ = {isa = PBXFileReference; lastKnownFileType = sourcecode.c.objc; path = main.m; sourceTree = "<group>"; };
		872D64C31C08AB94001BEEBF /* AppDelegate.h */ = {isa = PBXFileReference; lastKnownFileType = sourcecode.c.h; path = AppDelegate.h; sourceTree = "<group>"; };
		872D64C41C08AB94001BEEBF /* AppDelegate.m */ = {isa = PBXFileReference; lastKnownFileType = sourcecode.c.objc; path = AppDelegate.m; sourceTree = "<group>"; };
		872D64CC1C08AB94001BEEBF /* Assets.xcassets */ = {isa = PBXFileReference; lastKnownFileType = folder.assetcatalog; path = Assets.xcassets; sourceTree = "<group>"; };
		872D64CF1C08AB94001BEEBF /* Base */ = {isa = PBXFileReference; lastKnownFileType = file.storyboard; name = Base; path = Base.lproj/LaunchScreen.storyboard; sourceTree = "<group>"; };
		872D64D11C08AB94001BEEBF /* Info.plist */ = {isa = PBXFileReference; lastKnownFileType = text.plist.xml; path = Info.plist; sourceTree = "<group>"; };
		872D64D71C08ABD3001BEEBF /* AUTCollectionViewController.h */ = {isa = PBXFileReference; fileEncoding = 4; lastKnownFileType = sourcecode.c.h; path = AUTCollectionViewController.h; sourceTree = "<group>"; };
		872D64D81C08ABD3001BEEBF /* AUTCollectionViewController.m */ = {isa = PBXFileReference; fileEncoding = 4; lastKnownFileType = sourcecode.c.objc; path = AUTCollectionViewController.m; sourceTree = "<group>"; };
		872D64DA1C08AC05001BEEBF /* AUTWarningBarNavigationController.h */ = {isa = PBXFileReference; fileEncoding = 4; lastKnownFileType = sourcecode.c.h; path = AUTWarningBarNavigationController.h; sourceTree = "<group>"; };
		872D64DB1C08AC05001BEEBF /* AUTWarningBarNavigationController.m */ = {isa = PBXFileReference; fileEncoding = 4; lastKnownFileType = sourcecode.c.objc; path = AUTWarningBarNavigationController.m; sourceTree = "<group>"; };
		872D64DD1C08B9A3001BEEBF /* AUTNavigationBar.h */ = {isa = PBXFileReference; fileEncoding = 4; lastKnownFileType = sourcecode.c.h; path = AUTNavigationBar.h; sourceTree = "<group>"; };
		872D64DE1C08B9A3001BEEBF /* AUTNavigationBar.m */ = {isa = PBXFileReference; fileEncoding = 4; lastKnownFileType = sourcecode.c.objc; path = AUTNavigationBar.m; sourceTree = "<group>"; };
		872D64E01C08C256001BEEBF /* AUTColorViewController.h */ = {isa = PBXFileReference; fileEncoding = 4; lastKnownFileType = sourcecode.c.h; path = AUTColorViewController.h; sourceTree = "<group>"; };
		872D64E11C08C256001BEEBF /* AUTColorViewController.m */ = {isa = PBXFileReference; fileEncoding = 4; lastKnownFileType = sourcecode.c.objc; path = AUTColorViewController.m; sourceTree = "<group>"; };
		872D64E31C08C646001BEEBF /* UINavigationItem+AUTWarningBar.h */ = {isa = PBXFileReference; fileEncoding = 4; lastKnownFileType = sourcecode.c.h; path = "UINavigationItem+AUTWarningBar.h"; sourceTree = "<group>"; };
		872D64E41C08C646001BEEBF /* UINavigationItem+AUTWarningBar.m */ = {isa = PBXFileReference; fileEncoding = 4; lastKnownFileType = sourcecode.c.objc; path = "UINavigationItem+AUTWarningBar.m"; sourceTree = "<group>"; };
/* End PBXFileReference section */

/* Begin PBXFrameworksBuildPhase section */
		872D64BA1C08AB94001BEEBF /* Frameworks */ = {
			isa = PBXFrameworksBuildPhase;
			buildActionMask = 2147483647;
			files = (
			);
			runOnlyForDeploymentPostprocessing = 0;
		};
/* End PBXFrameworksBuildPhase section */

/* Begin PBXGroup section */
		872D64B41C08AB94001BEEBF = {
			isa = PBXGroup;
			children = (
				872D64BF1C08AB94001BEEBF /* navigation bar warnings */,
				872D64BE1C08AB94001BEEBF /* Products */,
			);
			sourceTree = "<group>";
		};
		872D64BE1C08AB94001BEEBF /* Products */ = {
			isa = PBXGroup;
			children = (
				872D64BD1C08AB94001BEEBF /* navigation bar warnings.app */,
			);
			name = Products;
			sourceTree = "<group>";
		};
		872D64BF1C08AB94001BEEBF /* navigation bar warnings */ = {
			isa = PBXGroup;
			children = (
				872D64C31C08AB94001BEEBF /* AppDelegate.h */,
				872D64C41C08AB94001BEEBF /* AppDelegate.m */,
				872D64CC1C08AB94001BEEBF /* Assets.xcassets */,
				872D64CE1C08AB94001BEEBF /* LaunchScreen.storyboard */,
				872D64D11C08AB94001BEEBF /* Info.plist */,
				872D64C01C08AB94001BEEBF /* Supporting Files */,
				872D64D71C08ABD3001BEEBF /* AUTCollectionViewController.h */,
				872D64D81C08ABD3001BEEBF /* AUTCollectionViewController.m */,
				872D64DA1C08AC05001BEEBF /* AUTWarningBarNavigationController.h */,
				872D64DB1C08AC05001BEEBF /* AUTWarningBarNavigationController.m */,
				872D64DD1C08B9A3001BEEBF /* AUTNavigationBar.h */,
				872D64DE1C08B9A3001BEEBF /* AUTNavigationBar.m */,
				872D64E01C08C256001BEEBF /* AUTColorViewController.h */,
				872D64E11C08C256001BEEBF /* AUTColorViewController.m */,
				872D64E31C08C646001BEEBF /* UINavigationItem+AUTWarningBar.h */,
				872D64E41C08C646001BEEBF /* UINavigationItem+AUTWarningBar.m */,
			);
			path = "navigation bar warnings";
			sourceTree = "<group>";
		};
		872D64C01C08AB94001BEEBF /* Supporting Files */ = {
			isa = PBXGroup;
			children = (
				872D64C11C08AB94001BEEBF /* main.m */,
			);
			name = "Supporting Files";
			sourceTree = "<group>";
		};
/* End PBXGroup section */

/* Begin PBXNativeTarget section */
		872D64BC1C08AB94001BEEBF /* navigation bar warnings */ = {
			isa = PBXNativeTarget;
			buildConfigurationList = 872D64D41C08AB94001BEEBF /* Build configuration list for PBXNativeTarget "navigation bar warnings" */;
			buildPhases = (
				872D64B91C08AB94001BEEBF /* Sources */,
				872D64BA1C08AB94001BEEBF /* Frameworks */,
				872D64BB1C08AB94001BEEBF /* Resources */,
			);
			buildRules = (
			);
			dependencies = (
			);
			name = "navigation bar warnings";
			productName = "navigation bar warnings";
			productReference = 872D64BD1C08AB94001BEEBF /* navigation bar warnings.app */;
			productType = "com.apple.product-type.application";
		};
/* End PBXNativeTarget section */

/* Begin PBXProject section */
		872D64B51C08AB94001BEEBF /* Project object */ = {
			isa = PBXProject;
			attributes = {
				LastUpgradeCheck = 0710;
				ORGANIZATIONNAME = "Engin Kurutepe";
				TargetAttributes = {
					872D64BC1C08AB94001BEEBF = {
						CreatedOnToolsVersion = 7.1.1;
					};
				};
			};
			buildConfigurationList = 872D64B81C08AB94001BEEBF /* Build configuration list for PBXProject "navigation bar warnings" */;
			compatibilityVersion = "Xcode 3.2";
			developmentRegion = English;
			hasScannedForEncodings = 0;
			knownRegions = (
				en,
				Base,
			);
			mainGroup = 872D64B41C08AB94001BEEBF;
			productRefGroup = 872D64BE1C08AB94001BEEBF /* Products */;
			projectDirPath = "";
			projectRoot = "";
			targets = (
				872D64BC1C08AB94001BEEBF /* navigation bar warnings */,
			);
		};
/* End PBXProject section */

/* Begin PBXResourcesBuildPhase section */
		872D64BB1C08AB94001BEEBF /* Resources */ = {
			isa = PBXResourcesBuildPhase;
			buildActionMask = 2147483647;
			files = (
				872D64D01C08AB94001BEEBF /* LaunchScreen.storyboard in Resources */,
				872D64CD1C08AB94001BEEBF /* Assets.xcassets in Resources */,
			);
			runOnlyForDeploymentPostprocessing = 0;
		};
/* End PBXResourcesBuildPhase section */

/* Begin PBXSourcesBuildPhase section */
		872D64B91C08AB94001BEEBF /* Sources */ = {
			isa = PBXSourcesBuildPhase;
			buildActionMask = 2147483647;
			files = (
				872D64E51C08C646001BEEBF /* UINavigationItem+AUTWarningBar.m in Sources */,
				872D64C51C08AB94001BEEBF /* AppDelegate.m in Sources */,
				872D64C21C08AB94001BEEBF /* main.m in Sources */,
				872D64D91C08ABD3001BEEBF /* AUTCollectionViewController.m in Sources */,
				872D64DC1C08AC05001BEEBF /* AUTWarningBarNavigationController.m in Sources */,
				872D64DF1C08B9A3001BEEBF /* AUTNavigationBar.m in Sources */,
				872D64E21C08C256001BEEBF /* AUTColorViewController.m in Sources */,
			);
			runOnlyForDeploymentPostprocessing = 0;
		};
/* End PBXSourcesBuildPhase section */

/* Begin PBXVariantGroup section */
		872D64CE1C08AB94001BEEBF /* LaunchScreen.storyboard */ = {
			isa = PBXVariantGroup;
			children = (
				872D64CF1C08AB94001BEEBF /* Base */,
			);
			name = LaunchScreen.storyboard;
			sourceTree = "<group>";
		};
/* End PBXVariantGroup section */

/* Begin XCBuildConfiguration section */
		872D64D21C08AB94001BEEBF /* Debug */ = {
			isa = XCBuildConfiguration;
			buildSettings = {
				ALWAYS_SEARCH_USER_PATHS = NO;
				CLANG_CXX_LANGUAGE_STANDARD = "gnu++0x";
				CLANG_CXX_LIBRARY = "libc++";
				CLANG_ENABLE_MODULES = YES;
				CLANG_ENABLE_OBJC_ARC = YES;
				CLANG_WARN_BOOL_CONVERSION = YES;
				CLANG_WARN_CONSTANT_CONVERSION = YES;
				CLANG_WARN_DIRECT_OBJC_ISA_USAGE = YES_ERROR;
				CLANG_WARN_EMPTY_BODY = YES;
				CLANG_WARN_ENUM_CONVERSION = YES;
				CLANG_WARN_INT_CONVERSION = YES;
				CLANG_WARN_OBJC_ROOT_CLASS = YES_ERROR;
				CLANG_WARN_UNREACHABLE_CODE = YES;
				CLANG_WARN__DUPLICATE_METHOD_MATCH = YES;
				"CODE_SIGN_IDENTITY[sdk=iphoneos*]" = "iPhone Developer";
				COPY_PHASE_STRIP = NO;
				DEBUG_INFORMATION_FORMAT = dwarf;
				ENABLE_STRICT_OBJC_MSGSEND = YES;
				ENABLE_TESTABILITY = YES;
				GCC_C_LANGUAGE_STANDARD = gnu99;
				GCC_DYNAMIC_NO_PIC = NO;
				GCC_NO_COMMON_BLOCKS = YES;
				GCC_OPTIMIZATION_LEVEL = 0;
				GCC_PREPROCESSOR_DEFINITIONS = (
					"DEBUG=1",
					"$(inherited)",
				);
				GCC_WARN_64_TO_32_BIT_CONVERSION = YES;
				GCC_WARN_ABOUT_RETURN_TYPE = YES_ERROR;
				GCC_WARN_UNDECLARED_SELECTOR = YES;
				GCC_WARN_UNINITIALIZED_AUTOS = YES_AGGRESSIVE;
				GCC_WARN_UNUSED_FUNCTION = YES;
				GCC_WARN_UNUSED_VARIABLE = YES;
				IPHONEOS_DEPLOYMENT_TARGET = 9.1;
				MTL_ENABLE_DEBUG_INFO = YES;
				ONLY_ACTIVE_ARCH = YES;
				SDKROOT = iphoneos;
			};
			name = Debug;
		};
		872D64D31C08AB94001BEEBF /* Release */ = {
			isa = XCBuildConfiguration;
			buildSettings = {
				ALWAYS_SEARCH_USER_PATHS = NO;
				CLANG_CXX_LANGUAGE_STANDARD = "gnu++0x";
				CLANG_CXX_LIBRARY = "libc++";
				CLANG_ENABLE_MODULES = YES;
				CLANG_ENABLE_OBJC_ARC = YES;
				CLANG_WARN_BOOL_CONVERSION = YES;
				CLANG_WARN_CONSTANT_CONVERSION = YES;
				CLANG_WARN_DIRECT_OBJC_ISA_USAGE = YES_ERROR;
				CLANG_WARN_EMPTY_BODY = YES;
				CLANG_WARN_ENUM_CONVERSION = YES;
				CLANG_WARN_INT_CONVERSION = YES;
				CLANG_WARN_OBJC_ROOT_CLASS = YES_ERROR;
				CLANG_WARN_UNREACHABLE_CODE = YES;
				CLANG_WARN__DUPLICATE_METHOD_MATCH = YES;
				"CODE_SIGN_IDENTITY[sdk=iphoneos*]" = "iPhone Developer";
				COPY_PHASE_STRIP = NO;
				DEBUG_INFORMATION_FORMAT = "dwarf-with-dsym";
				ENABLE_NS_ASSERTIONS = NO;
				ENABLE_STRICT_OBJC_MSGSEND = YES;
				GCC_C_LANGUAGE_STANDARD = gnu99;
				GCC_NO_COMMON_BLOCKS = YES;
				GCC_WARN_64_TO_32_BIT_CONVERSION = YES;
				GCC_WARN_ABOUT_RETURN_TYPE = YES_ERROR;
				GCC_WARN_UNDECLARED_SELECTOR = YES;
				GCC_WARN_UNINITIALIZED_AUTOS = YES_AGGRESSIVE;
				GCC_WARN_UNUSED_FUNCTION = YES;
				GCC_WARN_UNUSED_VARIABLE = YES;
				IPHONEOS_DEPLOYMENT_TARGET = 9.1;
				MTL_ENABLE_DEBUG_INFO = NO;
				SDKROOT = iphoneos;
				VALIDATE_PRODUCT = YES;
			};
			name = Release;
		};
		872D64D51C08AB94001BEEBF /* Debug */ = {
			isa = XCBuildConfiguration;
			buildSettings = {
				ASSETCATALOG_COMPILER_APPICON_NAME = AppIcon;
				INFOPLIST_FILE = "navigation bar warnings/Info.plist";
				LD_RUNPATH_SEARCH_PATHS = "$(inherited) @executable_path/Frameworks";
				PRODUCT_BUNDLE_IDENTIFIER = "com.automatic.navigation-bar-warnings";
				PRODUCT_NAME = "$(TARGET_NAME)";
			};
			name = Debug;
		};
		872D64D61C08AB94001BEEBF /* Release */ = {
			isa = XCBuildConfiguration;
			buildSettings = {
				ASSETCATALOG_COMPILER_APPICON_NAME = AppIcon;
				INFOPLIST_FILE = "navigation bar warnings/Info.plist";
				LD_RUNPATH_SEARCH_PATHS = "$(inherited) @executable_path/Frameworks";
				PRODUCT_BUNDLE_IDENTIFIER = "com.automatic.navigation-bar-warnings";
				PRODUCT_NAME = "$(TARGET_NAME)";
			};
			name = Release;
		};
/* End XCBuildConfiguration section */

/* Begin XCConfigurationList section */
		872D64B81C08AB94001BEEBF /* Build configuration list for PBXProject "navigation bar warnings" */ = {
			isa = XCConfigurationList;
			buildConfigurations = (
				872D64D21C08AB94001BEEBF /* Debug */,
				872D64D31C08AB94001BEEBF /* Release */,
			);
			defaultConfigurationIsVisible = 0;
			defaultConfigurationName = Release;
		};
		872D64D41C08AB94001BEEBF /* Build configuration list for PBXNativeTarget "navigation bar warnings" */ = {
			isa = XCConfigurationList;
			buildConfigurations = (
				872D64D51C08AB94001BEEBF /* Debug */,
				872D64D61C08AB94001BEEBF /* Release */,
			);
			defaultConfigurationIsVisible = 0;
		};
/* End XCConfigurationList section */
	};
	rootObject = 872D64B51C08AB94001BEEBF /* Project object */;
}
